<?xml version="1.0" encoding="utf-8"?>
<Project ToolsVersion="4.0" xmlns="http://schemas.microsoft.com/developer/msbuild/2003">
  <ItemGroup>
    <Filter Include="Source Files">
      <UniqueIdentifier>{4FC737F1-C7A5-4376-A066-2A32D752A2FF}</UniqueIdentifier>
      <Extensions>cpp;c;cc;cxx;c++;cppm;ixx;def;odl;idl;hpj;bat;asm;asmx</Extensions>
    </Filter>
    <Filter Include="Header Files">
      <UniqueIdentifier>{93995380-89BD-4b04-88EB-625FBE52EBFB}</UniqueIdentifier>
      <Extensions>h;hh;hpp;hxx;h++;hm;inl;inc;ipp;xsd</Extensions>
    </Filter>
    <Filter Include="Resource Files">
      <UniqueIdentifier>{67DA6AB6-F800-4c08-8B7A-83BB121AAD01}</UniqueIdentifier>
      <Extensions>rc;ico;cur;bmp;dlg;rc2;rct;bin;rgs;gif;jpg;jpeg;jpe;resx;tiff;tif;png;wav;mfcribbon-ms</Extensions>
    </Filter>
  </ItemGroup>
  <ItemGroup>
    <ClCompile Include="AudioIn.cpp">
      <Filter>Source Files</Filter>
    </ClCompile>
    <ClCompile Include="AudioMix.cpp">
      <Filter>Source Files</Filter>
    </ClCompile>
    <ClCompile Include="AudioOut.cpp">
      <Filter>Source Files</Filter>
    </ClCompile>
    <ClCompile Include="ChatBot.cpp">
      <Filter>Source Files</Filter>
    </ClCompile>
    <ClCompile Include="Dice.cpp">
      <Filter>Source Files</Filter>
    </ClCompile>
    <ClCompile Include="DX11.cpp">
      <Filter>Source Files</Filter>
    </ClCompile>
    <ClCompile Include="ParsecSession.cpp">
      <Filter>Source Files</Filter>
    </ClCompile>
    <ClCompile Include="StressTest.cpp">
      <Filter>Source Files</Filter>
    </ClCompile>
    <ClCompile Include="Stringer.cpp">
      <Filter>Source Files</Filter>
    </ClCompile>
    <ClCompile Include="Utils.cpp">
      <Filter>Source Files</Filter>
    </ClCompile>
    <ClCompile Include="GamepadClient.cpp">
      <Filter>Source Files</Filter>
    </ClCompile>
    <ClCompile Include="AGamepad.cpp">
      <Filter>Source Files</Filter>
    </ClCompile>
    <ClCompile Include="BanList.cpp">
      <Filter>Source Files</Filter>
    </ClCompile>
    <ClCompile Include="GuestData.cpp">
      <Filter>Source Files</Filter>
    </ClCompile>
    <ClCompile Include="Bitwise.cpp">
      <Filter>Source Files</Filter>
    </ClCompile>
    <ClCompile Include="imgui\imgui.cpp">
      <Filter>Source Files</Filter>
    </ClCompile>
    <ClCompile Include="imgui\imgui_demo.cpp">
      <Filter>Source Files</Filter>
    </ClCompile>
    <ClCompile Include="imgui\imgui_draw.cpp">
      <Filter>Source Files</Filter>
    </ClCompile>
    <ClCompile Include="imgui\imgui_tables.cpp">
      <Filter>Source Files</Filter>
    </ClCompile>
    <ClCompile Include="imgui\imgui_widgets.cpp">
      <Filter>Source Files</Filter>
    </ClCompile>
    <ClCompile Include="imgui\imgui_impl_dx11.cpp">
      <Filter>Source Files</Filter>
    </ClCompile>
    <ClCompile Include="Main.cpp">
      <Filter>Source Files</Filter>
    </ClCompile>
    <ClCompile Include="imgui\imgui_impl_win32.cpp">
      <Filter>Source Files</Filter>
    </ClCompile>
    <ClCompile Include="Guest.cpp">
      <Filter>Source Files</Filter>
    </ClCompile>
    <ClCompile Include="GuestList.cpp">
      <Filter>Source Files</Filter>
    </ClCompile>
    <ClCompile Include="Hosting.cpp">
      <Filter>Source Files</Filter>
    </ClCompile>
    <ClCompile Include="Widgets\ToggleIconButtonWidget.cpp">
      <Filter>Source Files</Filter>
    </ClCompile>
    <ClCompile Include="Widgets\HostSettingsWidget.cpp">
      <Filter>Source Files</Filter>
    </ClCompile>
    <ClCompile Include="Texture.cpp">
      <Filter>Source Files</Filter>
    </ClCompile>
    <ClCompile Include="globals\AppIcons.cpp">
      <Filter>Source Files</Filter>
    </ClCompile>
    <ClCompile Include="Widgets\ChatWidget.cpp">
      <Filter>Source Files</Filter>
    </ClCompile>
    <ClCompile Include="globals\AppFonts.cpp">
      <Filter>Source Files</Filter>
    </ClCompile>
    <ClCompile Include="globals\AppColors.cpp">
      <Filter>Source Files</Filter>
    </ClCompile>
    <ClCompile Include="globals\AppStyle.cpp">
      <Filter>Source Files</Filter>
    </ClCompile>
    <ClCompile Include="Widgets\TooltipWidget.cpp">
      <Filter>Source Files</Filter>
    </ClCompile>
    <ClCompile Include="Widgets\ConfirmPopupWidget.cpp">
      <Filter>Source Files</Filter>
    </ClCompile>
    <ClCompile Include="ChatLog.cpp">
      <Filter>Source Files</Filter>
    </ClCompile>
    <ClCompile Include="Widgets\LogWidget.cpp">
      <Filter>Source Files</Filter>
    </ClCompile>
    <ClCompile Include="Widgets\GuestListWidget.cpp">
      <Filter>Source Files</Filter>
    </ClCompile>
    <ClCompile Include="Widgets\GamepadsWidget.cpp">
      <Filter>Source Files</Filter>
    </ClCompile>
    <ClCompile Include="Widgets\IconButton.cpp">
      <Filter>Source Files</Filter>
    </ClCompile>
    <ClCompile Include="Widgets\StylePickerWidget.cpp">
      <Filter>Source Files</Filter>
    </ClCompile>
    <ClCompile Include="GuestDevice.cpp">
      <Filter>Source Files</Filter>
    </ClCompile>
    <ClCompile Include="Widgets\TitleTooltipWidget.cpp">
      <Filter>Source Files</Filter>
    </ClCompile>
    <ClCompile Include="Widgets\IntRangeWidget.cpp">
      <Filter>Source Files</Filter>
    </ClCompile>
    <ClCompile Include="Widgets\BoolButtonWidget.cpp">
      <Filter>Source Files</Filter>
    </ClCompile>
    <ClCompile Include="Widgets\AudioControlWidget.cpp">
      <Filter>Source Files</Filter>
    </ClCompile>
    <ClCompile Include="SFXList.cpp">
      <Filter>Source Files</Filter>
    </ClCompile>
    <ClCompile Include="Widgets\NavBar.cpp">
      <Filter>Source Files</Filter>
    </ClCompile>
    <ClCompile Include="MetadataCache.cpp">
      <Filter>Source Files</Filter>
    </ClCompile>
    <ClCompile Include="Widgets\LoginWidget.cpp">
      <Filter>Source Files</Filter>
    </ClCompile>
    <ClCompile Include="Widgets\LoadingRingWidget.cpp">
      <Filter>Source Files</Filter>
    </ClCompile>
    <ClCompile Include="Widgets\AlertWidget.cpp">
      <Filter>Source Files</Filter>
    </ClCompile>
    <ClCompile Include="Widgets\AudioSettingsWidget.cpp">
      <Filter>Source Files</Filter>
    </ClCompile>
    <ClCompile Include="GuestDataList.cpp">
      <Filter>Source Files</Filter>
    </ClCompile>
    <ClCompile Include="Widgets\HostInfoWidget.cpp">
      <Filter>Source Files</Filter>
    </ClCompile>
    <ClCompile Include="TierList.cpp">
      <Filter>Source Files</Filter>
    </ClCompile>
    <ClCompile Include="Frequency.cpp">
      <Filter>Source Files</Filter>
    </ClCompile>
    <ClCompile Include="Widgets\InfoWidget.cpp">
      <Filter>Source Files</Filter>
    </ClCompile>
    <ClCompile Include="Widgets\VersionWidget.cpp">
      <Filter>Source Files</Filter>
    </ClCompile>
    <ClCompile Include="Widgets\VideoWidget.cpp">
      <Filter>Source Files</Filter>
    </ClCompile>
    <ClCompile Include="Stopwatch.cpp">
      <Filter>Source Files</Filter>
    </ClCompile>
    <ClCompile Include="Debouncer.cpp">
      <Filter>Source Files</Filter>
    </ClCompile>
    <ClCompile Include="Widgets\AnimatedGamepadWidget.cpp">
      <Filter>Source Files</Filter>
    </ClCompile>
    <ClCompile Include="Clock.cpp">
      <Filter>Source Files</Filter>
    </ClCompile>
    <ClCompile Include="Widgets\ProgressCircularWidget.cpp">
      <Filter>Source Files</Filter>
    </ClCompile>
    <ClCompile Include="Widgets\Vec2.cpp">
      <Filter>Source Files</Filter>
    </ClCompile>
    <ClCompile Include="Timespan.cpp">
      <Filter>Source Files</Filter>
    </ClCompile>
    <ClCompile Include="ThumbnailList.cpp">
      <Filter>Source Files</Filter>
    </ClCompile>
    <ClCompile Include="Widgets\ThumbnailsWidget.cpp">
      <Filter>Source Files</Filter>
    </ClCompile>
    <ClCompile Include="Thumbnail.cpp">
      <Filter>Source Files</Filter>
    </ClCompile>
    <ClCompile Include="Commands\CommandBonk.cpp">
      <Filter>Source Files</Filter>
    </ClCompile>
    <ClCompile Include="Widgets\MasterOfPuppetsWidget.cpp">
      <Filter>Source Files</Filter>
    </ClCompile>
    <ClCompile Include="XInputReader.cpp">
      <Filter>Source Files</Filter>
    </ClCompile>
    <ClCompile Include="GamepadState.cpp">
      <Filter>Source Files</Filter>
    </ClCompile>
    <ClCompile Include="SDLGamepadReader.cpp">
      <Filter>Source Files</Filter>
    </ClCompile>
    <ClCompile Include="SDLGamepad.cpp">
      <Filter>Source Files</Filter>
    </ClCompile>
    <ClCompile Include="MasterOfPuppets.cpp">
      <Filter>Source Files</Filter>
    </ClCompile>
    <ClCompile Include="Widgets\VirtualGamepadWidget.cpp">
      <Filter>Source Files</Filter>
    </ClCompile>
    <ClCompile Include="DualshockGamepad.cpp">
      <Filter>Source Files</Filter>
    </ClCompile>
    <ClCompile Include="XBoxGamepad.cpp">
      <Filter>Source Files</Filter>
    </ClCompile>
  </ItemGroup>
  <ItemGroup>
    <ClInclude Include="AudioIn.h">
      <Filter>Header Files</Filter>
    </ClInclude>
    <ClInclude Include="AudioMix.h">
      <Filter>Header Files</Filter>
    </ClInclude>
    <ClInclude Include="AudioOut.h">
      <Filter>Header Files</Filter>
    </ClInclude>
    <ClInclude Include="ChatBot.h">
      <Filter>Header Files</Filter>
    </ClInclude>
    <ClInclude Include="Dice.h">
      <Filter>Header Files</Filter>
    </ClInclude>
    <ClInclude Include="DX11.h">
      <Filter>Header Files</Filter>
    </ClInclude>
    <ClInclude Include="ParsecSession.h">
      <Filter>Header Files</Filter>
    </ClInclude>
    <ClInclude Include="StressTest.h">
      <Filter>Header Files</Filter>
    </ClInclude>
    <ClInclude Include="Stringer.h">
      <Filter>Header Files</Filter>
    </ClInclude>
    <ClInclude Include="Utils.h">
      <Filter>Header Files</Filter>
    </ClInclude>
    <ClInclude Include="GamepadClient.h">
      <Filter>Header Files</Filter>
    </ClInclude>
    <ClInclude Include="AGamepad.h">
      <Filter>Header Files</Filter>
    </ClInclude>
    <ClInclude Include="BanList.h">
      <Filter>Header Files</Filter>
    </ClInclude>
    <ClInclude Include="Commands\ACommand.h">
      <Filter>Header Files</Filter>
    </ClInclude>
    <ClInclude Include="Commands\CommandDefaultMessage.h">
      <Filter>Header Files</Filter>
    </ClInclude>
    <ClInclude Include="GuestData.h">
      <Filter>Header Files</Filter>
    </ClInclude>
    <ClInclude Include="Commands\CommandHelp.h">
      <Filter>Header Files</Filter>
    </ClInclude>
    <ClInclude Include="Commands\CommandVideoFix.h">
      <Filter>Header Files</Filter>
    </ClInclude>
    <ClInclude Include="Commands\CommandQuit.h">
      <Filter>Header Files</Filter>
    </ClInclude>
    <ClInclude Include="Commands\CommandBonk.h">
      <Filter>Header Files</Filter>
    </ClInclude>
    <ClInclude Include="Commands\CommandGameId.h">
      <Filter>Header Files</Filter>
    </ClInclude>
    <ClInclude Include="Commands\CommandGuests.h">
      <Filter>Header Files</Filter>
    </ClInclude>
    <ClInclude Include="Commands\ACommandIntegerArg.h">
      <Filter>Header Files</Filter>
    </ClInclude>
    <ClInclude Include="Commands\CommandIpFilter.h">
      <Filter>Header Files</Filter>
    </ClInclude>
    <ClInclude Include="Commands\ACommandSearchUser.h">
      <Filter>Header Files</Filter>
    </ClInclude>
    <ClInclude Include="Commands\CommandKick.h">
      <Filter>Header Files</Filter>
    </ClInclude>
    <ClInclude Include="Commands\ACommandStringArg.h">
      <Filter>Header Files</Filter>
    </ClInclude>
    <ClInclude Include="Commands\ACommandPrefix.h">
      <Filter>Header Files</Filter>
    </ClInclude>
    <ClInclude Include="Commands\CommandName.h">
      <Filter>Header Files</Filter>
    </ClInclude>
    <ClInclude Include="Commands\CommandMic.h">
      <Filter>Header Files</Filter>
    </ClInclude>
    <ClInclude Include="Commands\CommandSpeakers.h">
      <Filter>Header Files</Filter>
    </ClInclude>
    <ClInclude Include="Commands\CommandLimit.h">
      <Filter>Header Files</Filter>
    </ClInclude>
    <ClInclude Include="Commands\CommandPrivate.h">
      <Filter>Header Files</Filter>
    </ClInclude>
    <ClInclude Include="Commands\CommandPublic.h">
      <Filter>Header Files</Filter>
    </ClInclude>
    <ClInclude Include="Commands\CommandSetConfig.h">
      <Filter>Header Files</Filter>
    </ClInclude>
    <ClInclude Include="Commands\ACommandSearchUserIntArg.h">
      <Filter>Header Files</Filter>
    </ClInclude>
    <ClInclude Include="Commands\CommandBan.h">
      <Filter>Header Files</Filter>
    </ClInclude>
    <ClInclude Include="Commands\CommandUnban.h">
      <Filter>Header Files</Filter>
    </ClInclude>
    <ClInclude Include="Bitwise.h">
      <Filter>Header Files</Filter>
    </ClInclude>
    <ClInclude Include="Commands\CommandMirror.h">
      <Filter>Header Files</Filter>
    </ClInclude>
    <ClInclude Include="Commands\CommandPads.h">
      <Filter>Header Files</Filter>
    </ClInclude>
    <ClInclude Include="Commands\CommandFF.h">
      <Filter>Header Files</Filter>
    </ClInclude>
    <ClInclude Include="Commands\CommandSwap.h">
      <Filter>Header Files</Filter>
    </ClInclude>
    <ClInclude Include="Commands\CommandBotMessage.h">
      <Filter>Header Files</Filter>
    </ClInclude>
    <ClInclude Include="Commands\CommandDC.h">
      <Filter>Header Files</Filter>
    </ClInclude>
    <ClInclude Include="Commands\CommandAFK.h">
      <Filter>Header Files</Filter>
    </ClInclude>
    <ClInclude Include="KeyboardMaps.h">
      <Filter>Header Files</Filter>
    </ClInclude>
    <ClInclude Include="Commands\CommandJoin.h">
      <Filter>Header Files</Filter>
    </ClInclude>
    <ClInclude Include="imgui\imconfig.h">
      <Filter>Header Files</Filter>
    </ClInclude>
    <ClInclude Include="imgui\imgui.h">
      <Filter>Header Files</Filter>
    </ClInclude>
    <ClInclude Include="imgui\imgui_internal.h">
      <Filter>Header Files</Filter>
    </ClInclude>
    <ClInclude Include="imgui\imstb_rectpack.h">
      <Filter>Header Files</Filter>
    </ClInclude>
    <ClInclude Include="imgui\imstb_textedit.h">
      <Filter>Header Files</Filter>
    </ClInclude>
    <ClInclude Include="imgui\imstb_truetype.h">
      <Filter>Header Files</Filter>
    </ClInclude>
    <ClInclude Include="imgui\imgui_impl_dx11.h">
      <Filter>Header Files</Filter>
    </ClInclude>
    <ClInclude Include="imgui\imgui_impl_win32.h">
      <Filter>Header Files</Filter>
    </ClInclude>
    <ClInclude Include="Guest.h">
      <Filter>Header Files</Filter>
    </ClInclude>
    <ClInclude Include="GuestList.h">
      <Filter>Header Files</Filter>
    </ClInclude>
    <ClInclude Include="Hosting.h">
      <Filter>Header Files</Filter>
    </ClInclude>
    <ClInclude Include="resource.h">
      <Filter>Header Files</Filter>
    </ClInclude>
    <ClInclude Include="imgui\imgui_colors.h">
      <Filter>Header Files</Filter>
    </ClInclude>
    <ClInclude Include="stb_image.h">
      <Filter>Header Files</Filter>
    </ClInclude>
    <ClInclude Include="Widgets\ToggleIconButtonWidget.h">
      <Filter>Header Files</Filter>
    </ClInclude>
    <ClInclude Include="Widgets\HostSettingsWidget.h">
      <Filter>Header Files</Filter>
    </ClInclude>
    <ClInclude Include="Texture.h">
      <Filter>Header Files</Filter>
    </ClInclude>
    <ClInclude Include="globals\AppIcons.h">
      <Filter>Header Files</Filter>
    </ClInclude>
    <ClInclude Include="Widgets\ChatWidget.h">
      <Filter>Header Files</Filter>
    </ClInclude>
    <ClInclude Include="globals\AppFonts.h">
      <Filter>Header Files</Filter>
    </ClInclude>
    <ClInclude Include="globals\AppColors.h">
      <Filter>Header Files</Filter>
    </ClInclude>
    <ClInclude Include="globals\AppStyle.h">
      <Filter>Header Files</Filter>
    </ClInclude>
    <ClInclude Include="Widgets\TooltipWidget.h">
      <Filter>Header Files</Filter>
    </ClInclude>
    <ClInclude Include="Widgets\ConfirmPopupWidget.h">
      <Filter>Header Files</Filter>
    </ClInclude>
    <ClInclude Include="ChatLog.h">
      <Filter>Header Files</Filter>
    </ClInclude>
    <ClInclude Include="Widgets\LogWidget.h">
      <Filter>Header Files</Filter>
    </ClInclude>
    <ClInclude Include="Widgets\GuestListWidget.h">
      <Filter>Header Files</Filter>
    </ClInclude>
    <ClInclude Include="Widgets\GamepadsWidget.h">
      <Filter>Header Files</Filter>
    </ClInclude>
    <ClInclude Include="Widgets\IconButton.h">
      <Filter>Header Files</Filter>
    </ClInclude>
    <ClInclude Include="Widgets\StylePickerWidget.h">
      <Filter>Header Files</Filter>
    </ClInclude>
    <ClInclude Include="Commands\CommandStrip.h">
      <Filter>Header Files</Filter>
    </ClInclude>
    <ClInclude Include="GuestDevice.h">
      <Filter>Header Files</Filter>
    </ClInclude>
    <ClInclude Include="Widgets\TitleTooltipWidget.h">
      <Filter>Header Files</Filter>
    </ClInclude>
    <ClInclude Include="Widgets\IntRangeWidget.h">
      <Filter>Header Files</Filter>
    </ClInclude>
    <ClInclude Include="Widgets\BoolButtonWidget.h">
      <Filter>Header Files</Filter>
    </ClInclude>
    <ClInclude Include="Widgets\AudioControlWidget.h">
      <Filter>Header Files</Filter>
    </ClInclude>
    <ClInclude Include="AudioTools.h">
      <Filter>Header Files</Filter>
    </ClInclude>
    <ClInclude Include="SFXList.h">
      <Filter>Header Files</Filter>
    </ClInclude>
    <ClInclude Include="Commands\CommandSFX.h">
      <Filter>Header Files</Filter>
    </ClInclude>
    <ClInclude Include="Widgets\NavBar.h">
      <Filter>Header Files</Filter>
    </ClInclude>
    <ClInclude Include="MetadataCache.h">
      <Filter>Header Files</Filter>
    </ClInclude>
    <ClInclude Include="Widgets\LoginWidget.h">
      <Filter>Header Files</Filter>
    </ClInclude>
    <ClInclude Include="Widgets\LoadingRingWidget.h">
      <Filter>Header Files</Filter>
    </ClInclude>
    <ClInclude Include="Widgets\AlertWidget.h">
      <Filter>Header Files</Filter>
    </ClInclude>
    <ClInclude Include="Widgets\AudioSettingsWidget.h">
      <Filter>Header Files</Filter>
    </ClInclude>
    <ClInclude Include="Commands\CommandOne.h">
      <Filter>Header Files</Filter>
    </ClInclude>
    <ClInclude Include="GuestDataList.h">
      <Filter>Header Files</Filter>
    </ClInclude>
    <ClInclude Include="Commands\ACommandSearchUserHistory.h">
      <Filter>Header Files</Filter>
    </ClInclude>
    <ClInclude Include="Widgets\HostInfoWidget.h">
      <Filter>Header Files</Filter>
    </ClInclude>
    <ClInclude Include="TierList.h">
      <Filter>Header Files</Filter>
    </ClInclude>
    <ClInclude Include="Tier.h">
      <Filter>Header Files</Filter>
    </ClInclude>
    <ClInclude Include="GuestTier.h">
      <Filter>Header Files</Filter>
    </ClInclude>
    <ClInclude Include="Frequency.h">
      <Filter>Header Files</Filter>
    </ClInclude>
    <ClInclude Include="Widgets\InfoWidget.h">
      <Filter>Header Files</Filter>
    </ClInclude>
    <ClInclude Include="Widgets\VersionWidget.h">
      <Filter>Header Files</Filter>
    </ClInclude>
    <ClInclude Include="Widgets\VideoWidget.h">
      <Filter>Header Files</Filter>
    </ClInclude>
    <ClInclude Include="CompilerDirectives.h">
      <Filter>Header Files</Filter>
    </ClInclude>
    <ClInclude Include="Stopwatch.h">
      <Filter>Header Files</Filter>
    </ClInclude>
    <ClInclude Include="Debouncer.h">
      <Filter>Header Files</Filter>
    </ClInclude>
    <ClInclude Include="Widgets\AnimatedGamepadWidget.h">
      <Filter>Header Files</Filter>
    </ClInclude>
    <ClInclude Include="Clock.h">
      <Filter>Header Files</Filter>
    </ClInclude>
    <ClInclude Include="Widgets\ProgressCircularWidget.h">
      <Filter>Header Files</Filter>
    </ClInclude>
    <ClInclude Include="Widgets\Vec2.h">
      <Filter>Header Files</Filter>
    </ClInclude>
    <ClInclude Include="Timespan.h">
      <Filter>Header Files</Filter>
    </ClInclude>
    <ClInclude Include="Thumbnail.h">
      <Filter>Header Files</Filter>
    </ClInclude>
    <ClInclude Include="ThumbnailList.h">
      <Filter>Header Files</Filter>
    </ClInclude>
    <ClInclude Include="Widgets\ThumbnailsWidget.h">
      <Filter>Header Files</Filter>
    </ClInclude>
    <ClInclude Include="Widgets\MasterOfPuppetsWidget.h">
      <Filter>Header Files</Filter>
    </ClInclude>
    <ClInclude Include="XInputReader.h">
      <Filter>Header Files</Filter>
    </ClInclude>
    <ClInclude Include="IGamepadReader.h">
      <Filter>Header Files</Filter>
    </ClInclude>
    <ClInclude Include="GamepadState.h">
      <Filter>Header Files</Filter>
    </ClInclude>
    <ClInclude Include="SDLGamepadReader.h">
      <Filter>Header Files</Filter>
    </ClInclude>
    <ClInclude Include="SDLGamepad.h">
      <Filter>Header Files</Filter>
    </ClInclude>
    <ClInclude Include="MasterOfPuppets.h">
      <Filter>Header Files</Filter>
    </ClInclude>
    <ClInclude Include="Widgets\VirtualGamepadWidget.h">
      <Filter>Header Files</Filter>
    </ClInclude>
    <ClInclude Include="DualshockGamepad.h">
      <Filter>Header Files</Filter>
    </ClInclude>
    <ClInclude Include="XBoxGamepad.h">
      <Filter>Header Files</Filter>
    </ClInclude>
  </ItemGroup>
  <ItemGroup>
    <ResourceCompile Include="Resource.rc">
      <Filter>Resource Files</Filter>
    </ResourceCompile>
  </ItemGroup>
  <ItemGroup>
    <Image Include="icon1.ico">
      <Filter>Resource Files</Filter>
    </Image>
    <Image Include="icon.ico">
      <Filter>Resource Files</Filter>
    </Image>
    <Image Include="icon2.ico">
      <Filter>Resource Files</Filter>
    </Image>
    <Image Include="..\x64\Debug\icon.ico">
      <Filter>Resource Files</Filter>
    </Image>
  </ItemGroup>
</Project>